
Microsoft Visual Studio Solution File, Format Version 12.00
# Visual Studio Version 16
VisualStudioVersion = 16.0.29905.134
MinimumVisualStudioVersion = 10.0.40219.1
Project("{FAE04EC0-301F-11D3-BF4B-00C04F79EFBC}") = "tehtava4", "tehtava4\tehtava4.csproj", "{E11BAB22-D237-4934-B396-42367D1413DC}"
EndProject
Global
	GlobalSection(SolutionConfigurationPlatforms) = preSolution
		Debug|Any CPU = Debug|Any CPU
		Release|Any CPU = Release|Any CPU
	EndGlobalSection
	GlobalSection(ProjectConfigurationPlatforms) = postSolution
		{E11BAB22-D237-4934-B396-42367D1413DC}.Debug|Any CPU.ActiveCfg = Debug|Any CPU
		{E11BAB22-D237-4934-B396-42367D1413DC}.Debug|Any CPU.Build.0 = Debug|Any CPU
		{E11BAB22-D237-4934-B396-42367D1413DC}.Release|Any CPU.ActiveCfg = Release|Any CPU
		{E11BAB22-D237-4934-B396-42367D1413DC}.Release|Any CPU.Build.0 = Release|Any CPU
	EndGlobalSection
	GlobalSection(SolutionProperties) = preSolution
		HideSolutionNode = FALSE
	EndGlobalSection
	GlobalSection(ExtensibilityGlobals) = postSolution
		SolutionGuid = {942287E0-3EB9-4231-BB88-3FDF8E843895}
	EndGlobalSection
EndGlobal
